<Solution>
  <Folder Name="/samples/">
    <Project Path="samples/EchoDemo/EchoDemo.csproj" />
  </Folder>
  <Folder Name="/src/">
    <Project Path="src/PostQuantum.SecureChannel/PostQuantum.SecureChannel.csproj" />
  </Folder>
  <Folder Name="/tests/">
    <Project Path="tests/PostQuantum.SecureChannel.Tests/PostQuantum.SecureChannel.Tests.csproj" />
  </Folder>
</Solution>
